// !$*UTF8*$!
{
	archiveVersion = 1;
	classes = {
	};
	objectVersion = 46;
	objects = {

/* Begin PBXBuildFile section */
		10FE8A261E38F5850026A971 /* AppDelegate.swift in Sources */ = {isa = PBXBuildFile; fileRef = 10FE8A251E38F5850026A971 /* AppDelegate.swift */; };
		10FE8A281E38F5850026A971 /* ViewController.swift in Sources */ = {isa = PBXBuildFile; fileRef = 10FE8A271E38F5850026A971 /* ViewController.swift */; };
		10FE8A2B1E38F5850026A971 /* Main.storyboard in Resources */ = {isa = PBXBuildFile; fileRef = 10FE8A291E38F5850026A971 /* Main.storyboard */; };
		10FE8A2D1E38F5850026A971 /* Assets.xcassets in Resources */ = {isa = PBXBuildFile; fileRef = 10FE8A2C1E38F5850026A971 /* Assets.xcassets */; };
		10FE8A301E38F5850026A971 /* LaunchScreen.storyboard in Resources */ = {isa = PBXBuildFile; fileRef = 10FE8A2E1E38F5850026A971 /* LaunchScreen.storyboard */; };
/* End PBXBuildFile section */

/* Begin PBXFileReference section */
		10FE8A221E38F5850026A971 /* InstaWhat.app */ = {isa = PBXFileReference; explicitFileType = wrapper.application; includeInIndex = 0; path = InstaWhat.app; sourceTree = BUILT_PRODUCTS_DIR; };
		10FE8A251E38F5850026A971 /* AppDelegate.swift */ = {isa = PBXFileReference; lastKnownFileType = sourcecode.swift; path = AppDelegate.swift; sourceTree = "<group>"; };
		10FE8A271E38F5850026A971 /* ViewController.swift */ = {isa = PBXFileReference; lastKnownFileType = sourcecode.swift; path = ViewController.swift; sourceTree = "<group>"; };
		10FE8A2A1E38F5850026A971 /* Base */ = {isa = PBXFileReference; lastKnownFileType = file.storyboard; name = Base; path = Base.lproj/Main.storyboard; sourceTree = "<group>"; };
		10FE8A2C1E38F5850026A971 /* Assets.xcassets */ = {isa = PBXFileReference; lastKnownFileType = folder.assetcatalog; path = Assets.xcassets; sourceTree = "<group>"; };
		10FE8A2F1E38F5850026A971 /* Base */ = {isa = PBXFileReference; lastKnownFileType = file.storyboard; name = Base; path = Base.lproj/LaunchScreen.storyboard; sourceTree = "<group>"; };
		10FE8A311E38F5850026A971 /* Info.plist */ = {isa = PBXFileReference; lastKnownFileType = text.plist.xml; path = Info.plist; sourceTree = "<group>"; };
/* End PBXFileReference section */

/* Begin PBXFrameworksBuildPhase section */
		10FE8A1F1E38F5850026A971 /* Frameworks */ = {
			isa = PBXFrameworksBuildPhase;
			buildActionMask = 2147483647;
			files = (
			);
			runOnlyForDeploymentPostprocessing = 0;
		};
/* End PBXFrameworksBuildPhase section */

/* Begin PBXGroup section */
		10FE8A191E38F5840026A971 = {
			isa = PBXGroup;
			children = (
				10FE8A241E38F5850026A971 /* InstaWhat */,
				10FE8A231E38F5850026A971 /* Products */,
			);
			sourceTree = "<group>";
		};
		10FE8A231E38F5850026A971 /* Products */ = {
			isa = PBXGroup;
			children = (
				10FE8A221E38F5850026A971 /* InstaWhat.app */,
			);
			name = Products;
			sourceTree = "<group>";
		};
		10FE8A241E38F5850026A971 /* InstaWhat */ = {
			isa = PBXGroup;
			children = (
				10FE8A251E38F5850026A971 /* AppDelegate.swift */,
				10FE8A271E38F5850026A971 /* ViewController.swift */,
				10FE8A291E38F5850026A971 /* Main.storyboard */,
				10FE8A2C1E38F5850026A971 /* Assets.xcassets */,
				10FE8A2E1E38F5850026A971 /* LaunchScreen.storyboard */,
				10FE8A311E38F5850026A971 /* Info.plist */,
			);
			path = InstaWhat;
			sourceTree = "<group>";
		};
/* End PBXGroup section */

/* Begin PBXNativeTarget section */
		10FE8A211E38F5850026A971 /* InstaWhat */ = {
			isa = PBXNativeTarget;
			buildConfigurationList = 10FE8A341E38F5850026A971 /* Build configuration list for PBXNativeTarget "InstaWhat" */;
			buildPhases = (
				10FE8A1E1E38F5850026A971 /* Sources */,
				10FE8A1F1E38F5850026A971 /* Frameworks */,
				10FE8A201E38F5850026A971 /* Resources */,
			);
			buildRules = (
			);
			dependencies = (
			);
			name = InstaWhat;
			productName = InstaWhat;
			productReference = 10FE8A221E38F5850026A971 /* InstaWhat.app */;
			productType = "com.apple.product-type.application";
		};
/* End PBXNativeTarget section */

/* Begin PBXProject section */
		10FE8A1A1E38F5840026A971 /* Project object */ = {
			isa = PBXProject;
			attributes = {
				LastSwiftUpdateCheck = 0820;
				LastUpgradeCheck = 0820;
				ORGANIZATIONNAME = "Efrain Ayllon";
				TargetAttributes = {
					10FE8A211E38F5850026A971 = {
						CreatedOnToolsVersion = 8.2.1;
						DevelopmentTeam = 3V8KXS5ZB4;
						ProvisioningStyle = Automatic;
					};
				};
			};
			buildConfigurationList = 10FE8A1D1E38F5850026A971 /* Build configuration list for PBXProject "InstaWhat" */;
			compatibilityVersion = "Xcode 3.2";
			developmentRegion = English;
			hasScannedForEncodings = 0;
			knownRegions = (
				en,
				Base,
			);
			mainGroup = 10FE8A191E38F5840026A971;
			productRefGroup = 10FE8A231E38F5850026A971 /* Products */;
			projectDirPath = "";
			projectRoot = "";
			targets = (
				10FE8A211E38F5850026A971 /* InstaWhat */,
			);
		};
/* End PBXProject section */

/* Begin PBXResourcesBuildPhase section */
		10FE8A201E38F5850026A971 /* Resources */ = {
			isa = PBXResourcesBuildPhase;
			buildActionMask = 2147483647;
			files = (
				10FE8A301E38F5850026A971 /* LaunchScreen.storyboard in Resources */,
				10FE8A2D1E38F5850026A971 /* Assets.xcassets in Resources */,
				10FE8A2B1E38F5850026A971 /* Main.storyboard in Resources */,
			);
			runOnlyForDeploymentPostprocessing = 0;
		};
/* End PBXResourcesBuildPhase section */

/* Begin PBXSourcesBuildPhase section */
		10FE8A1E1E38F5850026A971 /* Sources */ = {
			isa = PBXSourcesBuildPhase;
			buildActionMask = 2147483647;
			files = (
				10FE8A281E38F5850026A971 /* ViewController.swift in Sources */,
				10FE8A261E38F5850026A971 /* AppDelegate.swift in Sources */,
			);
			runOnlyForDeploymentPostprocessing = 0;
		};
/* End PBXSourcesBuildPhase section */

/* Begin PBXVariantGroup section */
		10FE8A291E38F5850026A971 /* Main.storyboard */ = {
			isa = PBXVariantGroup;
			children = (
				10FE8A2A1E38F5850026A971 /* Base */,
			);
			name = Main.storyboard;
			sourceTree = "<group>";
		};
		10FE8A2E1E38F5850026A971 /* LaunchScreen.storyboard */ = {
			isa = PBXVariantGroup;
			children = (
				10FE8A2F1E38F5850026A971 /* Base */,
			);
			name = LaunchScreen.storyboard;
			sourceTree = "<group>";
		};
/* End PBXVariantGroup section */

/* Begin XCBuildConfiguration section */
		10FE8A321E38F5850026A971 /* Debug */ = {
			isa = XCBuildConfiguration;
			buildSettings = {
				ALWAYS_SEARCH_USER_PATHS = NO;
				CLANG_ANALYZER_NONNULL = YES;
				CLANG_CXX_LANGUAGE_STANDARD = "gnu++0x";
				CLANG_CXX_LIBRARY = "libc++";
				CLANG_ENABLE_MODULES = YES;
				CLANG_ENABLE_OBJC_ARC = YES;
				CLANG_WARN_BOOL_CONVERSION = YES;
				CLANG_WARN_CONSTANT_CONVERSION = YES;
				CLANG_WARN_DIRECT_OBJC_ISA_USAGE = YES_ERROR;
				CLANG_WARN_DOCUMENTATION_COMMENTS = YES;
				CLANG_WARN_EMPTY_BODY = YES;
				CLANG_WARN_ENUM_CONVERSION = YES;
				CLANG_WARN_INFINITE_RECURSION = YES;
				CLANG_WARN_INT_CONVERSION = YES;
				CLANG_WARN_OBJC_ROOT_CLASS = YES_ERROR;
				CLANG_WARN_SUSPICIOUS_MOVE = YES;
				CLANG_WARN_UNREACHABLE_CODE = YES;
				CLANG_WARN__DUPLICATE_METHOD_MATCH = YES;
				"CODE_SIGN_IDENTITY[sdk=iphoneos*]" = "iPhone Developer";
				COPY_PHASE_STRIP = NO;
				DEBUG_INFORMATION_FORMAT = dwarf;
				ENABLE_STRICT_OBJC_MSGSEND = YES;
				ENABLE_TESTABILITY = YES;
				GCC_C_LANGUAGE_STANDARD = gnu99;
				GCC_DYNAMIC_NO_PIC = NO;
				GCC_NO_COMMON_BLOCKS = YES;
				GCC_OPTIMIZATION_LEVEL = 0;
				GCC_PREPROCESSOR_DEFINITIONS = (
					"DEBUG=1",
					"$(inherited)",
				);
				GCC_WARN_64_TO_32_BIT_CONVERSION = YES;
				GCC_WARN_ABOUT_RETURN_TYPE = YES_ERROR;
				GCC_WARN_UNDECLARED_SELECTOR = YES;
				GCC_WARN_UNINITIALIZED_AUTOS = YES_AGGRESSIVE;
				GCC_WARN_UNUSED_FUNCTION = YES;
				GCC_WARN_UNUSED_VARIABLE = YES;
				IPHONEOS_DEPLOYMENT_TARGET = 10.2;
				MTL_ENABLE_DEBUG_INFO = YES;
				ONLY_ACTIVE_ARCH = YES;
				SDKROOT = iphoneos;
				SWIFT_ACTIVE_COMPILATION_CONDITIONS = DEBUG;
				SWIFT_OPTIMIZATION_LEVEL = "-Onone";
				TARGETED_DEVICE_FAMILY = "1,2";
			};
			name = Debug;
		};
		10FE8A331E38F5850026A971 /* Release */ = {
			isa = XCBuildConfiguration;
			buildSettings = {
				ALWAYS_SEARCH_USER_PATHS = NO;
				CLANG_ANALYZER_NONNULL = YES;
				CLANG_CXX_LANGUAGE_STANDARD = "gnu++0x";
				CLANG_CXX_LIBRARY = "libc++";
				CLANG_ENABLE_MODULES = YES;
				CLANG_ENABLE_OBJC_ARC = YES;
				CLANG_WARN_BOOL_CONVERSION = YES;
				CLANG_WARN_CONSTANT_CONVERSION = YES;
				CLANG_WARN_DIRECT_OBJC_ISA_USAGE = YES_ERROR;
				CLANG_WARN_DOCUMENTATION_COMMENTS = YES;
				CLANG_WARN_EMPTY_BODY = YES;
				CLANG_WARN_ENUM_CONVERSION = YES;
				CLANG_WARN_INFINITE_RECURSION = YES;
				CLANG_WARN_INT_CONVERSION = YES;
				CLANG_WARN_OBJC_ROOT_CLASS = YES_ERROR;
				CLANG_WARN_SUSPICIOUS_MOVE = YES;
				CLANG_WARN_UNREACHABLE_CODE = YES;
				CLANG_WARN__DUPLICATE_METHOD_MATCH = YES;
				"CODE_SIGN_IDENTITY[sdk=iphoneos*]" = "iPhone Developer";
				COPY_PHASE_STRIP = NO;
				DEBUG_INFORMATION_FORMAT = "dwarf-with-dsym";
				ENABLE_NS_ASSERTIONS = NO;
				ENABLE_STRICT_OBJC_MSGSEND = YES;
				GCC_C_LANGUAGE_STANDARD = gnu99;
				GCC_NO_COMMON_BLOCKS = YES;
				GCC_WARN_64_TO_32_BIT_CONVERSION = YES;
				GCC_WARN_ABOUT_RETURN_TYPE = YES_ERROR;
				GCC_WARN_UNDECLARED_SELECTOR = YES;
				GCC_WARN_UNINITIALIZED_AUTOS = YES_AGGRESSIVE;
				GCC_WARN_UNUSED_FUNCTION = YES;
				GCC_WARN_UNUSED_VARIABLE = YES;
				IPHONEOS_DEPLOYMENT_TARGET = 10.2;
				MTL_ENABLE_DEBUG_INFO = NO;
				SDKROOT = iphoneos;
				SWIFT_OPTIMIZATION_LEVEL = "-Owholemodule";
				TARGETED_DEVICE_FAMILY = "1,2";
				VALIDATE_PRODUCT = YES;
			};
			name = Release;
		};
		10FE8A351E38F5850026A971 /* Debug */ = {
			isa = XCBuildConfiguration;
			buildSettings = {
				ASSETCATALOG_COMPILER_APPICON_NAME = AppIcon;
				DEVELOPMENT_TEAM = 3V8KXS5ZB4;
				INFOPLIST_FILE = InstaWhat/Info.plist;
				LD_RUNPATH_SEARCH_PATHS = "$(inherited) @executable_path/Frameworks";
				PRODUCT_BUNDLE_IDENTIFIER = com.earoa.InstaWhat;
				PRODUCT_NAME = "$(TARGET_NAME)";
				SWIFT_VERSION = 3.0;
			};
			name = Debug;
		};
		10FE8A361E38F5850026A971 /* Release */ = {
			isa = XCBuildConfiguration;
			buildSettings = {
				ASSETCATALOG_COMPILER_APPICON_NAME = AppIcon;
				DEVELOPMENT_TEAM = 3V8KXS5ZB4;
				INFOPLIST_FILE = InstaWhat/Info.plist;
				LD_RUNPATH_SEARCH_PATHS = "$(inherited) @executable_path/Frameworks";
				PRODUCT_BUNDLE_IDENTIFIER = com.earoa.InstaWhat;
				PRODUCT_NAME = "$(TARGET_NAME)";
				SWIFT_VERSION = 3.0;
			};
			name = Release;
		};
/* End XCBuildConfiguration section */

/* Begin XCConfigurationList section */
		10FE8A1D1E38F5850026A971 /* Build configuration list for PBXProject "InstaWhat" */ = {
			isa = XCConfigurationList;
			buildConfigurations = (
				10FE8A321E38F5850026A971 /* Debug */,
				10FE8A331E38F5850026A971 /* Release */,
			);
			defaultConfigurationIsVisible = 0;
			defaultConfigurationName = Release;
		};
		10FE8A341E38F5850026A971 /* Build configuration list for PBXNativeTarget "InstaWhat" */ = {
			isa = XCConfigurationList;
			buildConfigurations = (
				10FE8A351E38F5850026A971 /* Debug */,
				10FE8A361E38F5850026A971 /* Release */,
			);
			defaultConfigurationIsVisible = 0;
		};
/* End XCConfigurationList section */
	};
	rootObject = 10FE8A1A1E38F5840026A971 /* Project object */;
}
